{
  "name": "twitch",
  "version": "1.0.0",
  "lockfileVersion": 3,
  "requires": true,
  "packages": {
    "": {
      "name": "twitch",
      "version": "1.0.0",
      "license": "ISC",
      "dependencies": {
        "es": "^0.8.0",
        "esm": "^3.2.25",
        "fund": "^1.0.0",
        "node-domexception": "^2.0.1",
        "node-es": "^0.0.0",
        "node-fetch": "^2.7.0",
        "tmi.js": "^1.8.5"
      }
    },
    "node_modules/@babel/runtime-corejs3": {
      "version": "7.23.8",
      "resolved": "https://registry.npmjs.org/@babel/runtime-corejs3/-/runtime-corejs3-7.23.8.tgz",
      "integrity": "sha512-2ZzmcDugdm0/YQKFVYsXiwUN7USPX8PM7cytpb4PFl87fM+qYPSvTZX//8tyeJB1j0YDmafBJEbl5f8NfLyuKw==",
      "dependencies": {
        "core-js-pure": "^3.30.2",
        "regenerator-runtime": "^0.14.0"
      },
      "engines": {
        "node": ">=6.9.0"
      }
    },
    "node_modules/core-js-pure": {
      "version": "3.35.0",
      "resolved": "https://registry.npmjs.org/core-js-pure/-/core-js-pure-3.35.0.tgz",
      "integrity": "sha512-f+eRYmkou59uh7BPcyJ8MC76DiGhspj1KMxVIcF24tzP8NA9HVa1uC7BTW2tgx7E1QVCzDzsgp7kArrzhlz8Ew==",
      "hasInstallScript": true,
      "funding": {
        "type": "opencollective",
        "url": "https://opencollective.com/core-js"
      }
    },
    "node_modules/es": {
      "version": "0.8.0",
      "resolved": "https://registry.npmjs.org/es/-/es-0.8.0.tgz",
      "integrity": "sha512-v2tAXZCtqh6NbWUr+5KLYmvYa5O0fZNcn4AZYFtkTx6aEunEW7OdbtVe60ROaOEEapHGvjXdTvnrh34HxLDGvQ==",
      "dependencies": {
        "@babel/runtime-corejs3": "^7.14.7",
        "reqlib": "^1.0.13"
      },
      "engines": {
        "node": ">= 6.0"
      }
    },
    "node_modules/esm": {
      "version": "3.2.25",
      "resolved": "https://registry.npmjs.org/esm/-/esm-3.2.25.tgz",
      "integrity": "sha512-U1suiZ2oDVWv4zPO56S0NcR5QriEahGtdN2OR6FiOG4WJvcjBVFB0qI4+eKoWFH483PKGuLuu6V8Z4T5g63UVA==",
      "engines": {
        "node": ">=6"
      }
    },
    "node_modules/fund": {
      "version": "1.0.0",
      "resolved": "https://registry.npmjs.org/fund/-/fund-1.0.0.tgz",
      "integrity": "sha512-cFPXfMSwZ0eyoksqmttlKtY45LHWs75UPeYx0mClvKeU9oqP/w13ARL5Wxv0+yKqrvW2ttMchduc3tAVZd0Mfw=="
    },
    "node_modules/node-domexception": {
      "version": "2.0.1",
      "resolved": "https://registry.npmjs.org/node-domexception/-/node-domexception-2.0.1.tgz",
      "integrity": "sha512-M85rnSC7WQ7wnfQTARPT4LrK7nwCHLdDFOCcItZMhTQjyCebJH8GciKqYJNgaOFZs9nFmTmd/VMyi3OW5jA47w==",
      "funding": [
        {
          "type": "github",
          "url": "https://github.com/sponsors/jimmywarting"
        },
        {
          "type": "github",
          "url": "https://paypal.me/jimmywarting"
        }
      ],
      "engines": {
        "node": ">=16"
      }
    },
    "node_modules/node-es": {
      "version": "0.0.0",
      "resolved": "https://registry.npmjs.org/node-es/-/node-es-0.0.0.tgz",
      "integrity": "sha512-0+aLm6qOsbaYdblRH+fKkes+GnSnSf1WqHvE1pLbHOo/wuyiTEgSI5oPDe1kCKE5itkVhhWhhAnp1ehls+ZO+Q=="
    },
    "node_modules/node-fetch": {
      "version": "2.7.0",
      "resolved": "https://registry.npmjs.org/node-fetch/-/node-fetch-2.7.0.tgz",
      "integrity": "sha512-c4FRfUm/dbcWZ7U+1Wq0AwCyFL+3nt2bEw05wfxSz+DWpWsitgmSgYmy2dQdWyKC1694ELPqMs/YzUSNozLt8A==",
      "dependencies": {
        "whatwg-url": "^5.0.0"
      },
      "engines": {
        "node": "4.x || >=6.0.0"
      },
      "peerDependencies": {
        "encoding": "^0.1.0"
      },
      "peerDependenciesMeta": {
        "encoding": {
          "optional": true
        }
      }
    },
    "node_modules/regenerator-runtime": {
      "version": "0.14.1",
      "resolved": "https://registry.npmjs.org/regenerator-runtime/-/regenerator-runtime-0.14.1.tgz",
      "integrity": "sha512-dYnhHh0nJoMfnkZs6GmmhFknAGRrLznOu5nc9ML+EJxGvrx6H7teuevqVqCuPcPK//3eDrrjQhehXVx9cnkGdw=="
    },
    "node_modules/reqlib": {
      "version": "1.0.13",
      "resolved": "https://registry.npmjs.org/reqlib/-/reqlib-1.0.13.tgz",
      "integrity": "sha512-rOTp+ANgEDlfMAjN9/0DV2b5Jkx4eD8F/jsWSOphrXzhV8zSiLOKifDXDUOTgxFjlARnUDsUCiL3FKGC6Irm7g==",
      "dependencies": {
        "@babel/runtime-corejs3": "^7.14.7"
      }
    },
    "node_modules/tmi.js": {
      "version": "1.8.5",
      "resolved": "https://registry.npmjs.org/tmi.js/-/tmi.js-1.8.5.tgz",
      "integrity": "sha512-A9qrydfe1e0VWM9MViVhhxVgvLpnk7pFShVUWePsSTtoi+A1X+Zjdoa7OJd7/YsgHXGj3GkNEvnWop/1WwZuew==",
      "dependencies": {
        "node-fetch": "^2.6.1",
        "ws": "^8.2.0"
      },
      "engines": {
        "node": ">=10.0.0"
      }
    },
    "node_modules/tr46": {
      "version": "0.0.3",
      "resolved": "https://registry.npmjs.org/tr46/-/tr46-0.0.3.tgz",
      "integrity": "sha512-N3WMsuqV66lT30CrXNbEjx4GEwlow3v6rr4mCcv6prnfwhS01rkgyFdjPNBYd9br7LpXV1+Emh01fHnq2Gdgrw=="
    },
    "node_modules/webidl-conversions": {
      "version": "3.0.1",
      "resolved": "https://registry.npmjs.org/webidl-conversions/-/webidl-conversions-3.0.1.tgz",
      "integrity": "sha512-2JAn3z8AR6rjK8Sm8orRC0h/bcl/DqL7tRPdGZ4I1CjdF+EaMLmYxBHyXuKL849eucPFhvBoxMsflfOb8kxaeQ=="
    },
    "node_modules/whatwg-url": {
      "version": "5.0.0",
      "resolved": "https://registry.npmjs.org/whatwg-url/-/whatwg-url-5.0.0.tgz",
      "integrity": "sha512-saE57nupxk6v3HY35+jzBwYa0rKSy0XR8JSxZPwgLr7ys0IBzhGviA1/TUGJLmSVqs8pb9AnvICXEuOHLprYTw==",
      "dependencies": {
        "tr46": "~0.0.3",
        "webidl-conversions": "^3.0.0"
      }
    },
    "node_modules/ws": {
      "version": "8.16.0",
      "resolved": "https://registry.npmjs.org/ws/-/ws-8.16.0.tgz",
      "integrity": "sha512-HS0c//TP7Ina87TfiPUz1rQzMhHrl/SG2guqRcTOIUYD2q8uhUdNHZYJUaQ8aTGPzCh+c6oawMKW35nFl1dxyQ==",
      "engines": {
        "node": ">=10.0.0"
      },
      "peerDependencies": {
        "bufferutil": "^4.0.1",
        "utf-8-validate": ">=5.0.2"
      },
      "peerDependenciesMeta": {
        "bufferutil": {
          "optional": true
        },
        "utf-8-validate": {
          "optional": true
        }
      }
    }
  }
}
